
Microsoft Visual Studio Solution File, Format Version 12.00
# Visual Studio Version 16
VisualStudioVersion = 16.0.30128.74
MinimumVisualStudioVersion = 10.0.40219.1
Project("{FAE04EC0-301F-11D3-BF4B-00C04F79EFBC}") = "MultithreadedRendering", "MultithreadedRendering\MultithreadedRendering.csproj", "{FD41EA2A-7A84-433C-A531-1D3B8CFDC087}"
EndProject
Global
	GlobalSection(SolutionConfigurationPlatforms) = preSolution
		Debug|Any CPU = Debug|Any CPU
		Release|Any CPU = Release|Any CPU
	EndGlobalSection
	GlobalSection(ProjectConfigurationPlatforms) = postSolution
		{FD41EA2A-7A84-433C-A531-1D3B8CFDC087}.Debug|Any CPU.ActiveCfg = Debug|Any CPU
		{FD41EA2A-7A84-433C-A531-1D3B8CFDC087}.Debug|Any CPU.Build.0 = Debug|Any CPU
		{FD41EA2A-7A84-433C-A531-1D3B8CFDC087}.Release|Any CPU.ActiveCfg = Release|Any CPU
		{FD41EA2A-7A84-433C-A531-1D3B8CFDC087}.Release|Any CPU.Build.0 = Release|Any CPU
	EndGlobalSection
	GlobalSection(SolutionProperties) = preSolution
		HideSolutionNode = FALSE
	EndGlobalSection
	GlobalSection(ExtensibilityGlobals) = postSolution
		SolutionGuid = {2E7C11E9-BD59-4DFC-BA5B-967BABDA25FD}
	EndGlobalSection
EndGlobal
