
Microsoft Visual Studio Solution File, Format Version 12.00
# Visual Studio Version 16
VisualStudioVersion = 16.0.29123.89
MinimumVisualStudioVersion = 10.0.40219.1
Project("{FAE04EC0-301F-11D3-BF4B-00C04F79EFBC}") = "OptionalRouteValues", "OptionalRouteValues\OptionalRouteValues.csproj", "{F97D4766-483A-41AA-A35E-0DC0B039DBE4}"
EndProject
Global
	GlobalSection(SolutionConfigurationPlatforms) = preSolution
		Debug|Any CPU = Debug|Any CPU
		Release|Any CPU = Release|Any CPU
	EndGlobalSection
	GlobalSection(ProjectConfigurationPlatforms) = postSolution
		{F97D4766-483A-41AA-A35E-0DC0B039DBE4}.Debug|Any CPU.ActiveCfg = Debug|Any CPU
		{F97D4766-483A-41AA-A35E-0DC0B039DBE4}.Debug|Any CPU.Build.0 = Debug|Any CPU
		{F97D4766-483A-41AA-A35E-0DC0B039DBE4}.Release|Any CPU.ActiveCfg = Release|Any CPU
		{F97D4766-483A-41AA-A35E-0DC0B039DBE4}.Release|Any CPU.Build.0 = Release|Any CPU
	EndGlobalSection
	GlobalSection(SolutionProperties) = preSolution
		HideSolutionNode = FALSE
	EndGlobalSection
	GlobalSection(ExtensibilityGlobals) = postSolution
		SolutionGuid = {49954DE9-3BB4-4251-9655-14A9FD5FDA62}
	EndGlobalSection
EndGlobal
