
Microsoft Visual Studio Solution File, Format Version 12.00
# Visual Studio Version 16
VisualStudioVersion = 16.0.29006.145
MinimumVisualStudioVersion = 10.0.40219.1
Project("{FAE04EC0-301F-11D3-BF4B-00C04F79EFBC}") = "CascadingParameters", "CascadingParameters\CascadingParameters.csproj", "{9CA17BB4-2097-480E-877A-6B7E87BED952}"
EndProject
Global
	GlobalSection(SolutionConfigurationPlatforms) = preSolution
		Debug|Any CPU = Debug|Any CPU
		Release|Any CPU = Release|Any CPU
	EndGlobalSection
	GlobalSection(ProjectConfigurationPlatforms) = postSolution
		{9CA17BB4-2097-480E-877A-6B7E87BED952}.Debug|Any CPU.ActiveCfg = Debug|Any CPU
		{9CA17BB4-2097-480E-877A-6B7E87BED952}.Debug|Any CPU.Build.0 = Debug|Any CPU
		{9CA17BB4-2097-480E-877A-6B7E87BED952}.Release|Any CPU.ActiveCfg = Release|Any CPU
		{9CA17BB4-2097-480E-877A-6B7E87BED952}.Release|Any CPU.Build.0 = Release|Any CPU
	EndGlobalSection
	GlobalSection(SolutionProperties) = preSolution
		HideSolutionNode = FALSE
	EndGlobalSection
	GlobalSection(ExtensibilityGlobals) = postSolution
		SolutionGuid = {DCDF50A3-C4A3-49BE-B43D-46214002F653}
	EndGlobalSection
EndGlobal
