
Microsoft Visual Studio Solution File, Format Version 12.00
# Visual Studio Version 16
VisualStudioVersion = 16.0.29123.89
MinimumVisualStudioVersion = 10.0.40219.1
Project("{FAE04EC0-301F-11D3-BF4B-00C04F79EFBC}") = "NavigationViaHtml", "NavigationViaHtml\NavigationViaHtml.csproj", "{38C766F4-74F7-405E-82BA-6F2BA274E80C}"
EndProject
Global
	GlobalSection(SolutionConfigurationPlatforms) = preSolution
		Debug|Any CPU = Debug|Any CPU
		Release|Any CPU = Release|Any CPU
	EndGlobalSection
	GlobalSection(ProjectConfigurationPlatforms) = postSolution
		{38C766F4-74F7-405E-82BA-6F2BA274E80C}.Debug|Any CPU.ActiveCfg = Debug|Any CPU
		{38C766F4-74F7-405E-82BA-6F2BA274E80C}.Debug|Any CPU.Build.0 = Debug|Any CPU
		{38C766F4-74F7-405E-82BA-6F2BA274E80C}.Release|Any CPU.ActiveCfg = Release|Any CPU
		{38C766F4-74F7-405E-82BA-6F2BA274E80C}.Release|Any CPU.Build.0 = Release|Any CPU
	EndGlobalSection
	GlobalSection(SolutionProperties) = preSolution
		HideSolutionNode = FALSE
	EndGlobalSection
	GlobalSection(ExtensibilityGlobals) = postSolution
		SolutionGuid = {8E6B6164-AB5F-46E7-A65B-D910E2338D76}
	EndGlobalSection
EndGlobal
