
Microsoft Visual Studio Solution File, Format Version 12.00
# Visual Studio Version 16
VisualStudioVersion = 16.0.29006.145
MinimumVisualStudioVersion = 10.0.40219.1
Project("{FAE04EC0-301F-11D3-BF4B-00C04F79EFBC}") = "ComponentLifecycles", "ComponentLifecycles\ComponentLifecycles.csproj", "{2FC950D0-7D01-4056-83AB-F99B19D0E5BF}"
EndProject
Global
	GlobalSection(SolutionConfigurationPlatforms) = preSolution
		Debug|Any CPU = Debug|Any CPU
		Release|Any CPU = Release|Any CPU
	EndGlobalSection
	GlobalSection(ProjectConfigurationPlatforms) = postSolution
		{2FC950D0-7D01-4056-83AB-F99B19D0E5BF}.Debug|Any CPU.ActiveCfg = Debug|Any CPU
		{2FC950D0-7D01-4056-83AB-F99B19D0E5BF}.Debug|Any CPU.Build.0 = Debug|Any CPU
		{2FC950D0-7D01-4056-83AB-F99B19D0E5BF}.Release|Any CPU.ActiveCfg = Release|Any CPU
		{2FC950D0-7D01-4056-83AB-F99B19D0E5BF}.Release|Any CPU.Build.0 = Release|Any CPU
	EndGlobalSection
	GlobalSection(SolutionProperties) = preSolution
		HideSolutionNode = FALSE
	EndGlobalSection
	GlobalSection(ExtensibilityGlobals) = postSolution
		SolutionGuid = {23CB64DD-54A9-4BCE-82E8-3950269443E7}
	EndGlobalSection
EndGlobal
