
Microsoft Visual Studio Solution File, Format Version 12.00
# Visual Studio Version 16
VisualStudioVersion = 16.0.29209.152
MinimumVisualStudioVersion = 10.0.40219.1
Project("{2150E333-8FDC-42A3-9474-1A3956D46DE8}") = "Layouts", "Layouts", "{620FE569-6B1A-41E6-8DB1-FEBC9E33E3AF}"
EndProject
Project("{9A19103F-16F7-4668-BE54-9A1E7A4F7556}") = "CreatingALayout", "Layouts\CreatingALayout\CreatingALayout.csproj", "{322334A4-4D66-4150-AFD0-3A578F5EFBE2}"
EndProject
Project("{9A19103F-16F7-4668-BE54-9A1E7A4F7556}") = "UsingALayout", "Layouts\UsingALayout\UsingALayout.csproj", "{49BD3A6E-6E8A-4B15-9B9B-8E635F349816}"
EndProject
Project("{9A19103F-16F7-4668-BE54-9A1E7A4F7556}") = "SpecifyingALayoutExplicitly", "Layouts\SpecifyingALayoutExplicitly\SpecifyingALayoutExplicitly.csproj", "{D0D8DF6D-979C-49C8-9109-344F37EC1708}"
EndProject
Project("{9A19103F-16F7-4668-BE54-9A1E7A4F7556}") = "NestedLayouts", "Layouts\NestedLayouts\NestedLayouts.csproj", "{AB1ADD1F-142E-49EC-A22A-C88DD40F42F3}"
EndProject
Project("{2150E333-8FDC-42A3-9474-1A3956D46DE8}") = "Components", "Components", "{D3157A64-22C7-45D8-A02E-B22ED4282932}"
EndProject
Project("{9A19103F-16F7-4668-BE54-9A1E7A4F7556}") = "Components", "Components\Components\Components.csproj", "{EDE6BB64-9067-485E-9FC5-55ADD8582DB0}"
EndProject
Project("{9A19103F-16F7-4668-BE54-9A1E7A4F7556}") = "CreatingAComponent", "Components\CreatingAComponent\CreatingAComponent.csproj", "{83048389-266D-4024-8BC8-66B1CFEB9C69}"
EndProject
Project("{FAE04EC0-301F-11D3-BF4B-00C04F79EFBC}") = "OneWayBinding", "Components\OneWayBinding\OneWayBinding.csproj", "{574F42D6-6B0D-40CA-8DAA-D0C1B59A284B}"
EndProject
Project("{FAE04EC0-301F-11D3-BF4B-00C04F79EFBC}") = "TwoWayBinding", "Components\TwoWayBinding\TwoWayBinding.csproj", "{F6297C5D-2158-4E8D-9355-1D1A9F464013}"
EndProject
Global
	GlobalSection(SolutionConfigurationPlatforms) = preSolution
		Debug|Any CPU = Debug|Any CPU
		Release|Any CPU = Release|Any CPU
	EndGlobalSection
	GlobalSection(ProjectConfigurationPlatforms) = postSolution
		{322334A4-4D66-4150-AFD0-3A578F5EFBE2}.Debug|Any CPU.ActiveCfg = Debug|Any CPU
		{322334A4-4D66-4150-AFD0-3A578F5EFBE2}.Debug|Any CPU.Build.0 = Debug|Any CPU
		{322334A4-4D66-4150-AFD0-3A578F5EFBE2}.Release|Any CPU.ActiveCfg = Release|Any CPU
		{322334A4-4D66-4150-AFD0-3A578F5EFBE2}.Release|Any CPU.Build.0 = Release|Any CPU
		{49BD3A6E-6E8A-4B15-9B9B-8E635F349816}.Debug|Any CPU.ActiveCfg = Debug|Any CPU
		{49BD3A6E-6E8A-4B15-9B9B-8E635F349816}.Debug|Any CPU.Build.0 = Debug|Any CPU
		{49BD3A6E-6E8A-4B15-9B9B-8E635F349816}.Release|Any CPU.ActiveCfg = Release|Any CPU
		{49BD3A6E-6E8A-4B15-9B9B-8E635F349816}.Release|Any CPU.Build.0 = Release|Any CPU
		{D0D8DF6D-979C-49C8-9109-344F37EC1708}.Debug|Any CPU.ActiveCfg = Debug|Any CPU
		{D0D8DF6D-979C-49C8-9109-344F37EC1708}.Debug|Any CPU.Build.0 = Debug|Any CPU
		{D0D8DF6D-979C-49C8-9109-344F37EC1708}.Release|Any CPU.ActiveCfg = Release|Any CPU
		{D0D8DF6D-979C-49C8-9109-344F37EC1708}.Release|Any CPU.Build.0 = Release|Any CPU
		{AB1ADD1F-142E-49EC-A22A-C88DD40F42F3}.Debug|Any CPU.ActiveCfg = Debug|Any CPU
		{AB1ADD1F-142E-49EC-A22A-C88DD40F42F3}.Debug|Any CPU.Build.0 = Debug|Any CPU
		{AB1ADD1F-142E-49EC-A22A-C88DD40F42F3}.Release|Any CPU.ActiveCfg = Release|Any CPU
		{AB1ADD1F-142E-49EC-A22A-C88DD40F42F3}.Release|Any CPU.Build.0 = Release|Any CPU
		{EDE6BB64-9067-485E-9FC5-55ADD8582DB0}.Debug|Any CPU.ActiveCfg = Debug|Any CPU
		{EDE6BB64-9067-485E-9FC5-55ADD8582DB0}.Debug|Any CPU.Build.0 = Debug|Any CPU
		{EDE6BB64-9067-485E-9FC5-55ADD8582DB0}.Release|Any CPU.ActiveCfg = Release|Any CPU
		{EDE6BB64-9067-485E-9FC5-55ADD8582DB0}.Release|Any CPU.Build.0 = Release|Any CPU
		{83048389-266D-4024-8BC8-66B1CFEB9C69}.Debug|Any CPU.ActiveCfg = Debug|Any CPU
		{83048389-266D-4024-8BC8-66B1CFEB9C69}.Debug|Any CPU.Build.0 = Debug|Any CPU
		{83048389-266D-4024-8BC8-66B1CFEB9C69}.Release|Any CPU.ActiveCfg = Release|Any CPU
		{83048389-266D-4024-8BC8-66B1CFEB9C69}.Release|Any CPU.Build.0 = Release|Any CPU
		{574F42D6-6B0D-40CA-8DAA-D0C1B59A284B}.Debug|Any CPU.ActiveCfg = Debug|Any CPU
		{574F42D6-6B0D-40CA-8DAA-D0C1B59A284B}.Debug|Any CPU.Build.0 = Debug|Any CPU
		{574F42D6-6B0D-40CA-8DAA-D0C1B59A284B}.Release|Any CPU.ActiveCfg = Release|Any CPU
		{574F42D6-6B0D-40CA-8DAA-D0C1B59A284B}.Release|Any CPU.Build.0 = Release|Any CPU
		{F6297C5D-2158-4E8D-9355-1D1A9F464013}.Debug|Any CPU.ActiveCfg = Debug|Any CPU
		{F6297C5D-2158-4E8D-9355-1D1A9F464013}.Debug|Any CPU.Build.0 = Debug|Any CPU
		{F6297C5D-2158-4E8D-9355-1D1A9F464013}.Release|Any CPU.ActiveCfg = Release|Any CPU
		{F6297C5D-2158-4E8D-9355-1D1A9F464013}.Release|Any CPU.Build.0 = Release|Any CPU
	EndGlobalSection
	GlobalSection(SolutionProperties) = preSolution
		HideSolutionNode = FALSE
	EndGlobalSection
	GlobalSection(NestedProjects) = preSolution
		{322334A4-4D66-4150-AFD0-3A578F5EFBE2} = {620FE569-6B1A-41E6-8DB1-FEBC9E33E3AF}
		{49BD3A6E-6E8A-4B15-9B9B-8E635F349816} = {620FE569-6B1A-41E6-8DB1-FEBC9E33E3AF}
		{D0D8DF6D-979C-49C8-9109-344F37EC1708} = {620FE569-6B1A-41E6-8DB1-FEBC9E33E3AF}
		{AB1ADD1F-142E-49EC-A22A-C88DD40F42F3} = {620FE569-6B1A-41E6-8DB1-FEBC9E33E3AF}
		{EDE6BB64-9067-485E-9FC5-55ADD8582DB0} = {D3157A64-22C7-45D8-A02E-B22ED4282932}
		{83048389-266D-4024-8BC8-66B1CFEB9C69} = {D3157A64-22C7-45D8-A02E-B22ED4282932}
		{574F42D6-6B0D-40CA-8DAA-D0C1B59A284B} = {D3157A64-22C7-45D8-A02E-B22ED4282932}
		{F6297C5D-2158-4E8D-9355-1D1A9F464013} = {D3157A64-22C7-45D8-A02E-B22ED4282932}
	EndGlobalSection
	GlobalSection(ExtensibilityGlobals) = postSolution
		SolutionGuid = {DBB31FDE-7E23-41D8-BE07-7C6B53FF6E28}
	EndGlobalSection
EndGlobal
