
Microsoft Visual Studio Solution File, Format Version 12.00
# Visual Studio Version 16
VisualStudioVersion = 16.0.29209.152
MinimumVisualStudioVersion = 10.0.40219.1
Project("{2150E333-8FDC-42A3-9474-1A3956D46DE8}") = "Layouts", "Layouts", "{620FE569-6B1A-41E6-8DB1-FEBC9E33E3AF}"
EndProject
Project("{9A19103F-16F7-4668-BE54-9A1E7A4F7556}") = "CreatingALayout", "Layouts\CreatingALayout\CreatingALayout.csproj", "{322334A4-4D66-4150-AFD0-3A578F5EFBE2}"
EndProject
Project("{9A19103F-16F7-4668-BE54-9A1E7A4F7556}") = "UsingALayout", "Layouts\UsingALayout\UsingALayout.csproj", "{49BD3A6E-6E8A-4B15-9B9B-8E635F349816}"
EndProject
Project("{9A19103F-16F7-4668-BE54-9A1E7A4F7556}") = "SpecifyingALayoutExplicitly", "Layouts\SpecifyingALayoutExplicitly\SpecifyingALayoutExplicitly.csproj", "{D0D8DF6D-979C-49C8-9109-344F37EC1708}"
EndProject
Project("{9A19103F-16F7-4668-BE54-9A1E7A4F7556}") = "NestedLayouts", "Layouts\NestedLayouts\NestedLayouts.csproj", "{AB1ADD1F-142E-49EC-A22A-C88DD40F42F3}"
EndProject
Project("{2150E333-8FDC-42A3-9474-1A3956D46DE8}") = "Components", "Components", "{D3157A64-22C7-45D8-A02E-B22ED4282932}"
EndProject
Project("{9A19103F-16F7-4668-BE54-9A1E7A4F7556}") = "CreatingAComponent", "Components\CreatingAComponent\CreatingAComponent.csproj", "{83048389-266D-4024-8BC8-66B1CFEB9C69}"
EndProject
Project("{9A19103F-16F7-4668-BE54-9A1E7A4F7556}") = "OneWayBinding", "Components\OneWayBinding\OneWayBinding.csproj", "{574F42D6-6B0D-40CA-8DAA-D0C1B59A284B}"
EndProject
Project("{9A19103F-16F7-4668-BE54-9A1E7A4F7556}") = "TwoWayBinding", "Components\TwoWayBinding\TwoWayBinding.csproj", "{F6297C5D-2158-4E8D-9355-1D1A9F464013}"
EndProject
Project("{2150E333-8FDC-42A3-9474-1A3956D46DE8}") = "CascadingValues", "CascadingValues", "{F5BC85B9-E2B6-459C-BDE9-2BEC9EC7CC13}"
EndProject
Project("{9A19103F-16F7-4668-BE54-9A1E7A4F7556}") = "CascadingValuesByName", "CascadingValues\CascadingValuesByName\CascadingValuesByName.csproj", "{59E19DFD-71FD-46D2-90D8-609D50F60935}"
EndProject
Project("{9A19103F-16F7-4668-BE54-9A1E7A4F7556}") = "ManualParameterPassing", "CascadingValues\ManualParameterPassing\ManualParameterPassing.csproj", "{D434C594-7B34-4351-B801-85B612F233EB}"
EndProject
Project("{9A19103F-16F7-4668-BE54-9A1E7A4F7556}") = "CascadingValuesByType", "CascadingValues\CascadingValuesByType\CascadingValuesByType.csproj", "{66EC4BEF-E330-48A9-A924-BF53A9BA3290}"
EndProject
Project("{9A19103F-16F7-4668-BE54-9A1E7A4F7556}") = "OverridingCascadedValues", "CascadingValues\OverridingCascadedValues\OverridingCascadedValues.csproj", "{C84E113E-45D7-4F65-A89D-9B1AD7208E6C}"
EndProject
Project("{9A19103F-16F7-4668-BE54-9A1E7A4F7556}") = "CodeGeneratedHtmlAttributes", "Components\CodeGeneratedHtmlAttributes\CodeGeneratedHtmlAttributes.csproj", "{3CF364E1-0688-469C-B4A1-59BD4A641B62}"
EndProject
Project("{9A19103F-16F7-4668-BE54-9A1E7A4F7556}") = "CapturingUnexpectedParameters", "Components\CapturingUnexpectedParameters\CapturingUnexpectedParameters.csproj", "{0EA78E49-C85B-428F-8A2B-D1DB09DD68C8}"
EndProject
Project("{9A19103F-16F7-4668-BE54-9A1E7A4F7556}") = "ComponentLifecycles", "Components\ComponentLifecycles\ComponentLifecycles.csproj", "{5E8A3BD4-17D2-4565-8832-DA9728885E7A}"
EndProject
Project("{2150E333-8FDC-42A3-9474-1A3956D46DE8}") = "RenderTrees", "RenderTrees", "{ADEA11C5-AE59-463B-8ACC-21BE9BAC85BB}"
EndProject
Project("{9A19103F-16F7-4668-BE54-9A1E7A4F7556}") = "IncrementalRenderTreeProof", "RenderTrees\IncrementalRenderTreeProof\IncrementalRenderTreeProof.csproj", "{71DAF449-18DB-4485-835D-4D784C048590}"
EndProject
Project("{9A19103F-16F7-4668-BE54-9A1E7A4F7556}") = "OptimisingUsingKeys", "RenderTrees\OptimisingUsingKeys\OptimisingUsingKeys.csproj", "{8E15DCC8-B6A8-4C16-BFAD-520E0DCC1E9E}"
EndProject
Project("{2150E333-8FDC-42A3-9474-1A3956D46DE8}") = "TemplatedComponents", "TemplatedComponents", "{791CE696-05BF-4ABE-B4B1-99817E2A41C0}"
EndProject
Project("{9A19103F-16F7-4668-BE54-9A1E7A4F7556}") = "TemplatedComponents", "TemplatedComponents\TemplatedComponents\TemplatedComponents.csproj", "{54BB2132-446F-4705-B48F-8F533B3280D2}"
EndProject
Project("{9A19103F-16F7-4668-BE54-9A1E7A4F7556}") = "CreatingATabControl", "TemplatedComponents\CreatingATabControl\CreatingATabControl.csproj", "{5CA36C1A-2E96-4834-8182-935A8FF570E1}"
EndProject
Project("{9A19103F-16F7-4668-BE54-9A1E7A4F7556}") = "PassingDataToARenderFragment", "TemplatedComponents\PassingDataToARenderFragment\PassingDataToARenderFragment.csproj", "{BC25127E-4576-4826-92A5-9A4B4B6FAF2F}"
EndProject
Project("{2150E333-8FDC-42A3-9474-1A3956D46DE8}") = "Routing", "Routing", "{B57299D8-10B2-4422-8E44-D694AB01E3FD}"
EndProject
Project("{9A19103F-16F7-4668-BE54-9A1E7A4F7556}") = "CapturingAParameterValue", "Routing\CapturingAParameterValue\CapturingAParameterValue.csproj", "{9620EEB0-5170-4B7F-94D2-66882A610B10}"
EndProject
Project("{9A19103F-16F7-4668-BE54-9A1E7A4F7556}") = "ConstrainingRouteParameters", "Routing\ConstrainingRouteParameters\ConstrainingRouteParameters.csproj", "{5F889720-5765-4299-A169-AE5AEEB95501}"
EndProject
Project("{9A19103F-16F7-4668-BE54-9A1E7A4F7556}") = "OptionalRouteParameters", "Routing\OptionalRouteParameters\OptionalRouteParameters.csproj", "{C56CADA0-8A2D-4AFF-AEC2-B34EBC0D8E62}"
EndProject
Project("{9A19103F-16F7-4668-BE54-9A1E7A4F7556}") = "OptionalRouteParametersWithDefaultValues", "Routing\OptionalRouteParametersWithDefaultValues\OptionalRouteParametersWithDefaultValues.csproj", "{CC58404A-376D-4CC5-8679-7E90E7576EF5}"
EndProject
Project("{9A19103F-16F7-4668-BE54-9A1E7A4F7556}") = "PageNotFound", "Routing\PageNotFound\PageNotFound.csproj", "{C84E6170-5B02-416C-87A1-F3FF8ACA123E}"
EndProject
Project("{9A19103F-16F7-4668-BE54-9A1E7A4F7556}") = "NavigatingViaCode", "Routing\NavigatingViaCode\NavigatingViaCode.csproj", "{C6CA08D2-881C-4B19-9A52-A42EF8F04DC9}"
EndProject
Project("{9A19103F-16F7-4668-BE54-9A1E7A4F7556}") = "NavigatingViaHtml", "Routing\NavigatingViaHtml\NavigatingViaHtml.csproj", "{277D8A30-2608-4204-ACAE-9DBDADB37561}"
EndProject
Project("{2150E333-8FDC-42A3-9474-1A3956D46DE8}") = "Forms", "Forms", "{2D994367-A93E-4900-B41B-F5543F399973}"
EndProject
Project("{9A19103F-16F7-4668-BE54-9A1E7A4F7556}") = "BasicForm", "Forms\BasicForm\BasicForm.csproj", "{72DB2C11-E23C-484C-B062-F8025EF200A4}"
EndProject
Project("{9A19103F-16F7-4668-BE54-9A1E7A4F7556}") = "FormInputs", "Forms\FormInputs\FormInputs.csproj", "{82D3CD49-3420-4F55-A71F-7F30E83B0247}"
EndProject
Project("{9A19103F-16F7-4668-BE54-9A1E7A4F7556}") = "InheritingFromInputBase", "Forms\InheritingFromInputBase\InheritingFromInputBase.csproj", "{7662DA6E-D8AB-4C01-80F0-15A1A08DD443}"
EndProject
Project("{9A19103F-16F7-4668-BE54-9A1E7A4F7556}") = "ValidatingUserInput", "Forms\ValidatingUserInput\ValidatingUserInput.csproj", "{0E86C2F4-2419-4F03-AED2-92D80479EE03}"
EndProject
Project("{9A19103F-16F7-4668-BE54-9A1E7A4F7556}") = "HandlingFormSubmission", "Forms\HandlingFormSubmission\HandlingFormSubmission.csproj", "{5B6BCE9C-332E-4005-8158-629A27E71DF7}"
EndProject
Project("{9A19103F-16F7-4668-BE54-9A1E7A4F7556}") = "CustomValidation", "Forms\CustomValidation\CustomValidation.csproj", "{D6851085-D8CC-44CB-B2C2-EA925CF0AB86}"
EndProject
Project("{2150E333-8FDC-42A3-9474-1A3956D46DE8}") = "JavaScriptInterop", "JavaScriptInterop", "{BE6BDDE7-E299-4EE4-8386-07C485345B4C}"
EndProject
Project("{9A19103F-16F7-4668-BE54-9A1E7A4F7556}") = "PassingComplexObjectsToJavaScript", "JavaScriptInterop\PassingComplexObjectsToJavaScript\PassingComplexObjectsToJavaScript.csproj", "{F786B477-38FC-478D-999B-E70BC05BE07B}"
EndProject
Project("{9A19103F-16F7-4668-BE54-9A1E7A4F7556}") = "AccessingJavaScriptReturnValues", "JavaScriptInterop\AccessingJavaScriptReturnValues\AccessingJavaScriptReturnValues.csproj", "{93835A19-7AB3-4CF0-A93C-F866107CDE1C}"
EndProject
Project("{9A19103F-16F7-4668-BE54-9A1E7A4F7556}") = "CallingJavaScriptFromDotNet", "JavaScriptInterop\CallingJavaScriptFromDotNet\CallingJavaScriptFromDotNet.csproj", "{26A69BEE-1DFD-41BB-A5B2-6EBA1FF0150F}"
EndProject
Project("{9A19103F-16F7-4668-BE54-9A1E7A4F7556}") = "UpdatingDocumentTitle", "JavaScriptInterop\UpdatingDocumentTitle\UpdatingDocumentTitle.csproj", "{0DF7CE4F-F031-4893-813B-2AAC74D7B238}"
EndProject
Project("{9A19103F-16F7-4668-BE54-9A1E7A4F7556}") = "HtmlElementReferences", "JavaScriptInterop\HtmlElementReferences\HtmlElementReferences.csproj", "{C5F218B1-C47B-476D-B306-E0608F65D805}"
EndProject
Project("{9A19103F-16F7-4668-BE54-9A1E7A4F7556}") = "CallingDotNetFromJavaScript", "JavaScriptInterop\CallingDotNetFromJavaScript\CallingDotNetFromJavaScript.csproj", "{B8C6A78E-7F20-4FC1-B6C9-5635F91106F2}"
EndProject
Project("{9A19103F-16F7-4668-BE54-9A1E7A4F7556}") = "CallingDotNetFromJavaScriptBasic", "JavaScriptInterop\CallingDotNetFromJavaScriptBasic\CallingDotNetFromJavaScriptBasic.csproj", "{00D08B21-4F6E-43AC-9F56-F71295B35091}"
EndProject
Project("{9A19103F-16F7-4668-BE54-9A1E7A4F7556}") = "CallingDotNetFromJavaScriptLifetimes", "JavaScriptInterop\CallingDotNetFromJavaScriptLifetimes\CallingDotNetFromJavaScriptLifetimes.csproj", "{E8EBC2E9-6D2B-43D2-929A-3954CF12EDC3}"
EndProject
Project("{9A19103F-16F7-4668-BE54-9A1E7A4F7556}") = "CallingStaticDotNetMethods", "JavaScriptInterop\CallingStaticDotNetMethods\CallingStaticDotNetMethods.csproj", "{6D93568C-1D0B-43C6-BF71-1804A4492F99}"
EndProject
Project("{9A19103F-16F7-4668-BE54-9A1E7A4F7556}") = "JavaScriptBootProcess", "JavaScriptInterop\JavaScriptBootProcess\JavaScriptBootProcess.csproj", "{D0CA99E6-27D6-4992-AABD-FC5DAFD13C23}"
EndProject
Project("{9A19103F-16F7-4668-BE54-9A1E7A4F7556}") = "EventCallbacks", "Components\EventCallbacks\EventCallbacks.csproj", "{6656E9D9-DD40-44E8-9DF1-F6516EFAAF19}"
EndProject
Project("{9A19103F-16F7-4668-BE54-9A1E7A4F7556}") = "LiteralsExpressionsAndDirectives", "Components\LiteralsExpressionsAndDirectives\LiteralsExpressionsAndDirectives.csproj", "{2D48F414-14FC-44DD-9B70-F3C19AF39903}"
EndProject
Project("{9A19103F-16F7-4668-BE54-9A1E7A4F7556}") = "DirectiveAttributes", "Components\DirectiveAttributes\DirectiveAttributes.csproj", "{030C5EB9-1924-4D66-9C27-9C3A71BCF504}"
EndProject
Project("{9A19103F-16F7-4668-BE54-9A1E7A4F7556}") = "BindingDirectives", "Components\BindingDirectives\BindingDirectives.csproj", "{6FA3167A-4E3F-47A9-9BD8-BABB0A48A910}"
EndProject
Project("{9A19103F-16F7-4668-BE54-9A1E7A4F7556}") = "AccessingFormState", "Forms\AccessingFormState\AccessingFormState.csproj", "{43B98061-28E7-4879-B2DC-8E82CF54538A}"
EndProject
Project("{2150E333-8FDC-42A3-9474-1A3956D46DE8}") = "DependencyInjection", "DependencyInjection", "{C4A5AFEF-46B9-47FC-A224-51C9E55741E2}"
EndProject
Project("{9A19103F-16F7-4668-BE54-9A1E7A4F7556}") = "WebChat", "DependencyInjection\WebChat\WebChat.csproj", "{5A926F43-F3CC-4EAA-9689-14E9B7EC480C}"
EndProject
Project("{9A19103F-16F7-4668-BE54-9A1E7A4F7556}") = "UsingTypeParamToCreateGenericComponents", "TemplatedComponents\UsingTypeParamToCreateGenericComponents\UsingTypeParamToCreateGenericComponents.csproj", "{196D012D-3A6C-4916-94AD-B08857655440}"
EndProject
Project("{9A19103F-16F7-4668-BE54-9A1E7A4F7556}") = "PassingPlaceholdersToRenderFragments", "TemplatedComponents\PassingPlaceholdersToRenderFragments\PassingPlaceholdersToRenderFragments.csproj", "{E61587F1-A678-45C8-B6D2-7951D5B26905}"
EndProject
Project("{9A19103F-16F7-4668-BE54-9A1E7A4F7556}") = "BasicDependencyInjection", "DependencyInjection\BasicDependencyInjection\BasicDependencyInjection.csproj", "{395AA4CF-5A67-4B18-9A2F-C1B394AE8E66}"
EndProject
Project("{9A19103F-16F7-4668-BE54-9A1E7A4F7556}") = "DependencyScopes", "DependencyInjection\DependencyScopes\DependencyScopes.csproj", "{9E1BDB41-4B99-4807-8BA4-FC605B891E58}"
EndProject
Project("{FAE04EC0-301F-11D3-BF4B-00C04F79EFBC}") = "TransientLifetimes", "DependencyInjection\TransientLifetimes\TransientLifetimes.csproj", "{883D549D-6582-41D4-92C4-01B9D246BF38}"
EndProject
Global
	GlobalSection(SolutionConfigurationPlatforms) = preSolution
		Debug|Any CPU = Debug|Any CPU
		Release|Any CPU = Release|Any CPU
	EndGlobalSection
	GlobalSection(ProjectConfigurationPlatforms) = postSolution
		{322334A4-4D66-4150-AFD0-3A578F5EFBE2}.Debug|Any CPU.ActiveCfg = Debug|Any CPU
		{322334A4-4D66-4150-AFD0-3A578F5EFBE2}.Debug|Any CPU.Build.0 = Debug|Any CPU
		{322334A4-4D66-4150-AFD0-3A578F5EFBE2}.Release|Any CPU.ActiveCfg = Release|Any CPU
		{322334A4-4D66-4150-AFD0-3A578F5EFBE2}.Release|Any CPU.Build.0 = Release|Any CPU
		{49BD3A6E-6E8A-4B15-9B9B-8E635F349816}.Debug|Any CPU.ActiveCfg = Debug|Any CPU
		{49BD3A6E-6E8A-4B15-9B9B-8E635F349816}.Debug|Any CPU.Build.0 = Debug|Any CPU
		{49BD3A6E-6E8A-4B15-9B9B-8E635F349816}.Release|Any CPU.ActiveCfg = Release|Any CPU
		{49BD3A6E-6E8A-4B15-9B9B-8E635F349816}.Release|Any CPU.Build.0 = Release|Any CPU
		{D0D8DF6D-979C-49C8-9109-344F37EC1708}.Debug|Any CPU.ActiveCfg = Debug|Any CPU
		{D0D8DF6D-979C-49C8-9109-344F37EC1708}.Debug|Any CPU.Build.0 = Debug|Any CPU
		{D0D8DF6D-979C-49C8-9109-344F37EC1708}.Release|Any CPU.ActiveCfg = Release|Any CPU
		{D0D8DF6D-979C-49C8-9109-344F37EC1708}.Release|Any CPU.Build.0 = Release|Any CPU
		{AB1ADD1F-142E-49EC-A22A-C88DD40F42F3}.Debug|Any CPU.ActiveCfg = Debug|Any CPU
		{AB1ADD1F-142E-49EC-A22A-C88DD40F42F3}.Debug|Any CPU.Build.0 = Debug|Any CPU
		{AB1ADD1F-142E-49EC-A22A-C88DD40F42F3}.Release|Any CPU.ActiveCfg = Release|Any CPU
		{AB1ADD1F-142E-49EC-A22A-C88DD40F42F3}.Release|Any CPU.Build.0 = Release|Any CPU
		{83048389-266D-4024-8BC8-66B1CFEB9C69}.Debug|Any CPU.ActiveCfg = Debug|Any CPU
		{83048389-266D-4024-8BC8-66B1CFEB9C69}.Debug|Any CPU.Build.0 = Debug|Any CPU
		{83048389-266D-4024-8BC8-66B1CFEB9C69}.Release|Any CPU.ActiveCfg = Release|Any CPU
		{83048389-266D-4024-8BC8-66B1CFEB9C69}.Release|Any CPU.Build.0 = Release|Any CPU
		{574F42D6-6B0D-40CA-8DAA-D0C1B59A284B}.Debug|Any CPU.ActiveCfg = Debug|Any CPU
		{574F42D6-6B0D-40CA-8DAA-D0C1B59A284B}.Debug|Any CPU.Build.0 = Debug|Any CPU
		{574F42D6-6B0D-40CA-8DAA-D0C1B59A284B}.Release|Any CPU.ActiveCfg = Release|Any CPU
		{574F42D6-6B0D-40CA-8DAA-D0C1B59A284B}.Release|Any CPU.Build.0 = Release|Any CPU
		{F6297C5D-2158-4E8D-9355-1D1A9F464013}.Debug|Any CPU.ActiveCfg = Debug|Any CPU
		{F6297C5D-2158-4E8D-9355-1D1A9F464013}.Debug|Any CPU.Build.0 = Debug|Any CPU
		{F6297C5D-2158-4E8D-9355-1D1A9F464013}.Release|Any CPU.ActiveCfg = Release|Any CPU
		{F6297C5D-2158-4E8D-9355-1D1A9F464013}.Release|Any CPU.Build.0 = Release|Any CPU
		{59E19DFD-71FD-46D2-90D8-609D50F60935}.Debug|Any CPU.ActiveCfg = Debug|Any CPU
		{59E19DFD-71FD-46D2-90D8-609D50F60935}.Debug|Any CPU.Build.0 = Debug|Any CPU
		{59E19DFD-71FD-46D2-90D8-609D50F60935}.Release|Any CPU.ActiveCfg = Release|Any CPU
		{59E19DFD-71FD-46D2-90D8-609D50F60935}.Release|Any CPU.Build.0 = Release|Any CPU
		{D434C594-7B34-4351-B801-85B612F233EB}.Debug|Any CPU.ActiveCfg = Debug|Any CPU
		{D434C594-7B34-4351-B801-85B612F233EB}.Debug|Any CPU.Build.0 = Debug|Any CPU
		{D434C594-7B34-4351-B801-85B612F233EB}.Release|Any CPU.ActiveCfg = Release|Any CPU
		{D434C594-7B34-4351-B801-85B612F233EB}.Release|Any CPU.Build.0 = Release|Any CPU
		{66EC4BEF-E330-48A9-A924-BF53A9BA3290}.Debug|Any CPU.ActiveCfg = Debug|Any CPU
		{66EC4BEF-E330-48A9-A924-BF53A9BA3290}.Debug|Any CPU.Build.0 = Debug|Any CPU
		{66EC4BEF-E330-48A9-A924-BF53A9BA3290}.Release|Any CPU.ActiveCfg = Release|Any CPU
		{66EC4BEF-E330-48A9-A924-BF53A9BA3290}.Release|Any CPU.Build.0 = Release|Any CPU
		{C84E113E-45D7-4F65-A89D-9B1AD7208E6C}.Debug|Any CPU.ActiveCfg = Debug|Any CPU
		{C84E113E-45D7-4F65-A89D-9B1AD7208E6C}.Debug|Any CPU.Build.0 = Debug|Any CPU
		{C84E113E-45D7-4F65-A89D-9B1AD7208E6C}.Release|Any CPU.ActiveCfg = Release|Any CPU
		{C84E113E-45D7-4F65-A89D-9B1AD7208E6C}.Release|Any CPU.Build.0 = Release|Any CPU
		{3CF364E1-0688-469C-B4A1-59BD4A641B62}.Debug|Any CPU.ActiveCfg = Debug|Any CPU
		{3CF364E1-0688-469C-B4A1-59BD4A641B62}.Debug|Any CPU.Build.0 = Debug|Any CPU
		{3CF364E1-0688-469C-B4A1-59BD4A641B62}.Release|Any CPU.ActiveCfg = Release|Any CPU
		{3CF364E1-0688-469C-B4A1-59BD4A641B62}.Release|Any CPU.Build.0 = Release|Any CPU
		{0EA78E49-C85B-428F-8A2B-D1DB09DD68C8}.Debug|Any CPU.ActiveCfg = Debug|Any CPU
		{0EA78E49-C85B-428F-8A2B-D1DB09DD68C8}.Debug|Any CPU.Build.0 = Debug|Any CPU
		{0EA78E49-C85B-428F-8A2B-D1DB09DD68C8}.Release|Any CPU.ActiveCfg = Release|Any CPU
		{0EA78E49-C85B-428F-8A2B-D1DB09DD68C8}.Release|Any CPU.Build.0 = Release|Any CPU
		{5E8A3BD4-17D2-4565-8832-DA9728885E7A}.Debug|Any CPU.ActiveCfg = Debug|Any CPU
		{5E8A3BD4-17D2-4565-8832-DA9728885E7A}.Debug|Any CPU.Build.0 = Debug|Any CPU
		{5E8A3BD4-17D2-4565-8832-DA9728885E7A}.Release|Any CPU.ActiveCfg = Release|Any CPU
		{5E8A3BD4-17D2-4565-8832-DA9728885E7A}.Release|Any CPU.Build.0 = Release|Any CPU
		{71DAF449-18DB-4485-835D-4D784C048590}.Debug|Any CPU.ActiveCfg = Debug|Any CPU
		{71DAF449-18DB-4485-835D-4D784C048590}.Debug|Any CPU.Build.0 = Debug|Any CPU
		{71DAF449-18DB-4485-835D-4D784C048590}.Release|Any CPU.ActiveCfg = Release|Any CPU
		{71DAF449-18DB-4485-835D-4D784C048590}.Release|Any CPU.Build.0 = Release|Any CPU
		{8E15DCC8-B6A8-4C16-BFAD-520E0DCC1E9E}.Debug|Any CPU.ActiveCfg = Debug|Any CPU
		{8E15DCC8-B6A8-4C16-BFAD-520E0DCC1E9E}.Debug|Any CPU.Build.0 = Debug|Any CPU
		{8E15DCC8-B6A8-4C16-BFAD-520E0DCC1E9E}.Release|Any CPU.ActiveCfg = Release|Any CPU
		{8E15DCC8-B6A8-4C16-BFAD-520E0DCC1E9E}.Release|Any CPU.Build.0 = Release|Any CPU
		{54BB2132-446F-4705-B48F-8F533B3280D2}.Debug|Any CPU.ActiveCfg = Debug|Any CPU
		{54BB2132-446F-4705-B48F-8F533B3280D2}.Debug|Any CPU.Build.0 = Debug|Any CPU
		{54BB2132-446F-4705-B48F-8F533B3280D2}.Release|Any CPU.ActiveCfg = Release|Any CPU
		{54BB2132-446F-4705-B48F-8F533B3280D2}.Release|Any CPU.Build.0 = Release|Any CPU
		{5CA36C1A-2E96-4834-8182-935A8FF570E1}.Debug|Any CPU.ActiveCfg = Debug|Any CPU
		{5CA36C1A-2E96-4834-8182-935A8FF570E1}.Debug|Any CPU.Build.0 = Debug|Any CPU
		{5CA36C1A-2E96-4834-8182-935A8FF570E1}.Release|Any CPU.ActiveCfg = Release|Any CPU
		{5CA36C1A-2E96-4834-8182-935A8FF570E1}.Release|Any CPU.Build.0 = Release|Any CPU
		{BC25127E-4576-4826-92A5-9A4B4B6FAF2F}.Debug|Any CPU.ActiveCfg = Debug|Any CPU
		{BC25127E-4576-4826-92A5-9A4B4B6FAF2F}.Debug|Any CPU.Build.0 = Debug|Any CPU
		{BC25127E-4576-4826-92A5-9A4B4B6FAF2F}.Release|Any CPU.ActiveCfg = Release|Any CPU
		{BC25127E-4576-4826-92A5-9A4B4B6FAF2F}.Release|Any CPU.Build.0 = Release|Any CPU
		{9620EEB0-5170-4B7F-94D2-66882A610B10}.Debug|Any CPU.ActiveCfg = Debug|Any CPU
		{9620EEB0-5170-4B7F-94D2-66882A610B10}.Debug|Any CPU.Build.0 = Debug|Any CPU
		{9620EEB0-5170-4B7F-94D2-66882A610B10}.Release|Any CPU.ActiveCfg = Release|Any CPU
		{9620EEB0-5170-4B7F-94D2-66882A610B10}.Release|Any CPU.Build.0 = Release|Any CPU
		{5F889720-5765-4299-A169-AE5AEEB95501}.Debug|Any CPU.ActiveCfg = Debug|Any CPU
		{5F889720-5765-4299-A169-AE5AEEB95501}.Debug|Any CPU.Build.0 = Debug|Any CPU
		{5F889720-5765-4299-A169-AE5AEEB95501}.Release|Any CPU.ActiveCfg = Release|Any CPU
		{5F889720-5765-4299-A169-AE5AEEB95501}.Release|Any CPU.Build.0 = Release|Any CPU
		{C56CADA0-8A2D-4AFF-AEC2-B34EBC0D8E62}.Debug|Any CPU.ActiveCfg = Debug|Any CPU
		{C56CADA0-8A2D-4AFF-AEC2-B34EBC0D8E62}.Debug|Any CPU.Build.0 = Debug|Any CPU
		{C56CADA0-8A2D-4AFF-AEC2-B34EBC0D8E62}.Release|Any CPU.ActiveCfg = Release|Any CPU
		{C56CADA0-8A2D-4AFF-AEC2-B34EBC0D8E62}.Release|Any CPU.Build.0 = Release|Any CPU
		{CC58404A-376D-4CC5-8679-7E90E7576EF5}.Debug|Any CPU.ActiveCfg = Debug|Any CPU
		{CC58404A-376D-4CC5-8679-7E90E7576EF5}.Debug|Any CPU.Build.0 = Debug|Any CPU
		{CC58404A-376D-4CC5-8679-7E90E7576EF5}.Release|Any CPU.ActiveCfg = Release|Any CPU
		{CC58404A-376D-4CC5-8679-7E90E7576EF5}.Release|Any CPU.Build.0 = Release|Any CPU
		{C84E6170-5B02-416C-87A1-F3FF8ACA123E}.Debug|Any CPU.ActiveCfg = Debug|Any CPU
		{C84E6170-5B02-416C-87A1-F3FF8ACA123E}.Debug|Any CPU.Build.0 = Debug|Any CPU
		{C84E6170-5B02-416C-87A1-F3FF8ACA123E}.Release|Any CPU.ActiveCfg = Release|Any CPU
		{C84E6170-5B02-416C-87A1-F3FF8ACA123E}.Release|Any CPU.Build.0 = Release|Any CPU
		{C6CA08D2-881C-4B19-9A52-A42EF8F04DC9}.Debug|Any CPU.ActiveCfg = Debug|Any CPU
		{C6CA08D2-881C-4B19-9A52-A42EF8F04DC9}.Debug|Any CPU.Build.0 = Debug|Any CPU
		{C6CA08D2-881C-4B19-9A52-A42EF8F04DC9}.Release|Any CPU.ActiveCfg = Release|Any CPU
		{C6CA08D2-881C-4B19-9A52-A42EF8F04DC9}.Release|Any CPU.Build.0 = Release|Any CPU
		{277D8A30-2608-4204-ACAE-9DBDADB37561}.Debug|Any CPU.ActiveCfg = Debug|Any CPU
		{277D8A30-2608-4204-ACAE-9DBDADB37561}.Debug|Any CPU.Build.0 = Debug|Any CPU
		{277D8A30-2608-4204-ACAE-9DBDADB37561}.Release|Any CPU.ActiveCfg = Release|Any CPU
		{277D8A30-2608-4204-ACAE-9DBDADB37561}.Release|Any CPU.Build.0 = Release|Any CPU
		{72DB2C11-E23C-484C-B062-F8025EF200A4}.Debug|Any CPU.ActiveCfg = Debug|Any CPU
		{72DB2C11-E23C-484C-B062-F8025EF200A4}.Debug|Any CPU.Build.0 = Debug|Any CPU
		{72DB2C11-E23C-484C-B062-F8025EF200A4}.Release|Any CPU.ActiveCfg = Release|Any CPU
		{72DB2C11-E23C-484C-B062-F8025EF200A4}.Release|Any CPU.Build.0 = Release|Any CPU
		{82D3CD49-3420-4F55-A71F-7F30E83B0247}.Debug|Any CPU.ActiveCfg = Debug|Any CPU
		{82D3CD49-3420-4F55-A71F-7F30E83B0247}.Debug|Any CPU.Build.0 = Debug|Any CPU
		{82D3CD49-3420-4F55-A71F-7F30E83B0247}.Release|Any CPU.ActiveCfg = Release|Any CPU
		{82D3CD49-3420-4F55-A71F-7F30E83B0247}.Release|Any CPU.Build.0 = Release|Any CPU
		{7662DA6E-D8AB-4C01-80F0-15A1A08DD443}.Debug|Any CPU.ActiveCfg = Debug|Any CPU
		{7662DA6E-D8AB-4C01-80F0-15A1A08DD443}.Debug|Any CPU.Build.0 = Debug|Any CPU
		{7662DA6E-D8AB-4C01-80F0-15A1A08DD443}.Release|Any CPU.ActiveCfg = Release|Any CPU
		{7662DA6E-D8AB-4C01-80F0-15A1A08DD443}.Release|Any CPU.Build.0 = Release|Any CPU
		{0E86C2F4-2419-4F03-AED2-92D80479EE03}.Debug|Any CPU.ActiveCfg = Debug|Any CPU
		{0E86C2F4-2419-4F03-AED2-92D80479EE03}.Debug|Any CPU.Build.0 = Debug|Any CPU
		{0E86C2F4-2419-4F03-AED2-92D80479EE03}.Release|Any CPU.ActiveCfg = Release|Any CPU
		{0E86C2F4-2419-4F03-AED2-92D80479EE03}.Release|Any CPU.Build.0 = Release|Any CPU
		{5B6BCE9C-332E-4005-8158-629A27E71DF7}.Debug|Any CPU.ActiveCfg = Debug|Any CPU
		{5B6BCE9C-332E-4005-8158-629A27E71DF7}.Debug|Any CPU.Build.0 = Debug|Any CPU
		{5B6BCE9C-332E-4005-8158-629A27E71DF7}.Release|Any CPU.ActiveCfg = Release|Any CPU
		{5B6BCE9C-332E-4005-8158-629A27E71DF7}.Release|Any CPU.Build.0 = Release|Any CPU
		{D6851085-D8CC-44CB-B2C2-EA925CF0AB86}.Debug|Any CPU.ActiveCfg = Debug|Any CPU
		{D6851085-D8CC-44CB-B2C2-EA925CF0AB86}.Debug|Any CPU.Build.0 = Debug|Any CPU
		{D6851085-D8CC-44CB-B2C2-EA925CF0AB86}.Release|Any CPU.ActiveCfg = Release|Any CPU
		{D6851085-D8CC-44CB-B2C2-EA925CF0AB86}.Release|Any CPU.Build.0 = Release|Any CPU
		{F786B477-38FC-478D-999B-E70BC05BE07B}.Debug|Any CPU.ActiveCfg = Debug|Any CPU
		{F786B477-38FC-478D-999B-E70BC05BE07B}.Debug|Any CPU.Build.0 = Debug|Any CPU
		{F786B477-38FC-478D-999B-E70BC05BE07B}.Release|Any CPU.ActiveCfg = Release|Any CPU
		{F786B477-38FC-478D-999B-E70BC05BE07B}.Release|Any CPU.Build.0 = Release|Any CPU
		{93835A19-7AB3-4CF0-A93C-F866107CDE1C}.Debug|Any CPU.ActiveCfg = Debug|Any CPU
		{93835A19-7AB3-4CF0-A93C-F866107CDE1C}.Debug|Any CPU.Build.0 = Debug|Any CPU
		{93835A19-7AB3-4CF0-A93C-F866107CDE1C}.Release|Any CPU.ActiveCfg = Release|Any CPU
		{93835A19-7AB3-4CF0-A93C-F866107CDE1C}.Release|Any CPU.Build.0 = Release|Any CPU
		{26A69BEE-1DFD-41BB-A5B2-6EBA1FF0150F}.Debug|Any CPU.ActiveCfg = Debug|Any CPU
		{26A69BEE-1DFD-41BB-A5B2-6EBA1FF0150F}.Debug|Any CPU.Build.0 = Debug|Any CPU
		{26A69BEE-1DFD-41BB-A5B2-6EBA1FF0150F}.Release|Any CPU.ActiveCfg = Release|Any CPU
		{26A69BEE-1DFD-41BB-A5B2-6EBA1FF0150F}.Release|Any CPU.Build.0 = Release|Any CPU
		{0DF7CE4F-F031-4893-813B-2AAC74D7B238}.Debug|Any CPU.ActiveCfg = Debug|Any CPU
		{0DF7CE4F-F031-4893-813B-2AAC74D7B238}.Debug|Any CPU.Build.0 = Debug|Any CPU
		{0DF7CE4F-F031-4893-813B-2AAC74D7B238}.Release|Any CPU.ActiveCfg = Release|Any CPU
		{0DF7CE4F-F031-4893-813B-2AAC74D7B238}.Release|Any CPU.Build.0 = Release|Any CPU
		{C5F218B1-C47B-476D-B306-E0608F65D805}.Debug|Any CPU.ActiveCfg = Debug|Any CPU
		{C5F218B1-C47B-476D-B306-E0608F65D805}.Debug|Any CPU.Build.0 = Debug|Any CPU
		{C5F218B1-C47B-476D-B306-E0608F65D805}.Release|Any CPU.ActiveCfg = Release|Any CPU
		{C5F218B1-C47B-476D-B306-E0608F65D805}.Release|Any CPU.Build.0 = Release|Any CPU
		{B8C6A78E-7F20-4FC1-B6C9-5635F91106F2}.Debug|Any CPU.ActiveCfg = Debug|Any CPU
		{B8C6A78E-7F20-4FC1-B6C9-5635F91106F2}.Debug|Any CPU.Build.0 = Debug|Any CPU
		{B8C6A78E-7F20-4FC1-B6C9-5635F91106F2}.Release|Any CPU.ActiveCfg = Release|Any CPU
		{B8C6A78E-7F20-4FC1-B6C9-5635F91106F2}.Release|Any CPU.Build.0 = Release|Any CPU
		{00D08B21-4F6E-43AC-9F56-F71295B35091}.Debug|Any CPU.ActiveCfg = Debug|Any CPU
		{00D08B21-4F6E-43AC-9F56-F71295B35091}.Debug|Any CPU.Build.0 = Debug|Any CPU
		{00D08B21-4F6E-43AC-9F56-F71295B35091}.Release|Any CPU.ActiveCfg = Release|Any CPU
		{00D08B21-4F6E-43AC-9F56-F71295B35091}.Release|Any CPU.Build.0 = Release|Any CPU
		{E8EBC2E9-6D2B-43D2-929A-3954CF12EDC3}.Debug|Any CPU.ActiveCfg = Debug|Any CPU
		{E8EBC2E9-6D2B-43D2-929A-3954CF12EDC3}.Debug|Any CPU.Build.0 = Debug|Any CPU
		{E8EBC2E9-6D2B-43D2-929A-3954CF12EDC3}.Release|Any CPU.ActiveCfg = Release|Any CPU
		{E8EBC2E9-6D2B-43D2-929A-3954CF12EDC3}.Release|Any CPU.Build.0 = Release|Any CPU
		{6D93568C-1D0B-43C6-BF71-1804A4492F99}.Debug|Any CPU.ActiveCfg = Debug|Any CPU
		{6D93568C-1D0B-43C6-BF71-1804A4492F99}.Debug|Any CPU.Build.0 = Debug|Any CPU
		{6D93568C-1D0B-43C6-BF71-1804A4492F99}.Release|Any CPU.ActiveCfg = Release|Any CPU
		{6D93568C-1D0B-43C6-BF71-1804A4492F99}.Release|Any CPU.Build.0 = Release|Any CPU
		{D0CA99E6-27D6-4992-AABD-FC5DAFD13C23}.Debug|Any CPU.ActiveCfg = Debug|Any CPU
		{D0CA99E6-27D6-4992-AABD-FC5DAFD13C23}.Debug|Any CPU.Build.0 = Debug|Any CPU
		{D0CA99E6-27D6-4992-AABD-FC5DAFD13C23}.Release|Any CPU.ActiveCfg = Release|Any CPU
		{D0CA99E6-27D6-4992-AABD-FC5DAFD13C23}.Release|Any CPU.Build.0 = Release|Any CPU
		{6656E9D9-DD40-44E8-9DF1-F6516EFAAF19}.Debug|Any CPU.ActiveCfg = Debug|Any CPU
		{6656E9D9-DD40-44E8-9DF1-F6516EFAAF19}.Debug|Any CPU.Build.0 = Debug|Any CPU
		{6656E9D9-DD40-44E8-9DF1-F6516EFAAF19}.Release|Any CPU.ActiveCfg = Release|Any CPU
		{6656E9D9-DD40-44E8-9DF1-F6516EFAAF19}.Release|Any CPU.Build.0 = Release|Any CPU
		{2D48F414-14FC-44DD-9B70-F3C19AF39903}.Debug|Any CPU.ActiveCfg = Debug|Any CPU
		{2D48F414-14FC-44DD-9B70-F3C19AF39903}.Debug|Any CPU.Build.0 = Debug|Any CPU
		{2D48F414-14FC-44DD-9B70-F3C19AF39903}.Release|Any CPU.ActiveCfg = Release|Any CPU
		{2D48F414-14FC-44DD-9B70-F3C19AF39903}.Release|Any CPU.Build.0 = Release|Any CPU
		{030C5EB9-1924-4D66-9C27-9C3A71BCF504}.Debug|Any CPU.ActiveCfg = Debug|Any CPU
		{030C5EB9-1924-4D66-9C27-9C3A71BCF504}.Debug|Any CPU.Build.0 = Debug|Any CPU
		{030C5EB9-1924-4D66-9C27-9C3A71BCF504}.Release|Any CPU.ActiveCfg = Release|Any CPU
		{030C5EB9-1924-4D66-9C27-9C3A71BCF504}.Release|Any CPU.Build.0 = Release|Any CPU
		{6FA3167A-4E3F-47A9-9BD8-BABB0A48A910}.Debug|Any CPU.ActiveCfg = Debug|Any CPU
		{6FA3167A-4E3F-47A9-9BD8-BABB0A48A910}.Debug|Any CPU.Build.0 = Debug|Any CPU
		{6FA3167A-4E3F-47A9-9BD8-BABB0A48A910}.Release|Any CPU.ActiveCfg = Release|Any CPU
		{6FA3167A-4E3F-47A9-9BD8-BABB0A48A910}.Release|Any CPU.Build.0 = Release|Any CPU
		{43B98061-28E7-4879-B2DC-8E82CF54538A}.Debug|Any CPU.ActiveCfg = Debug|Any CPU
		{43B98061-28E7-4879-B2DC-8E82CF54538A}.Debug|Any CPU.Build.0 = Debug|Any CPU
		{43B98061-28E7-4879-B2DC-8E82CF54538A}.Release|Any CPU.ActiveCfg = Release|Any CPU
		{43B98061-28E7-4879-B2DC-8E82CF54538A}.Release|Any CPU.Build.0 = Release|Any CPU
		{5A926F43-F3CC-4EAA-9689-14E9B7EC480C}.Debug|Any CPU.ActiveCfg = Debug|Any CPU
		{5A926F43-F3CC-4EAA-9689-14E9B7EC480C}.Debug|Any CPU.Build.0 = Debug|Any CPU
		{5A926F43-F3CC-4EAA-9689-14E9B7EC480C}.Release|Any CPU.ActiveCfg = Release|Any CPU
		{5A926F43-F3CC-4EAA-9689-14E9B7EC480C}.Release|Any CPU.Build.0 = Release|Any CPU
		{196D012D-3A6C-4916-94AD-B08857655440}.Debug|Any CPU.ActiveCfg = Debug|Any CPU
		{196D012D-3A6C-4916-94AD-B08857655440}.Debug|Any CPU.Build.0 = Debug|Any CPU
		{196D012D-3A6C-4916-94AD-B08857655440}.Release|Any CPU.ActiveCfg = Release|Any CPU
		{196D012D-3A6C-4916-94AD-B08857655440}.Release|Any CPU.Build.0 = Release|Any CPU
		{E61587F1-A678-45C8-B6D2-7951D5B26905}.Debug|Any CPU.ActiveCfg = Debug|Any CPU
		{E61587F1-A678-45C8-B6D2-7951D5B26905}.Debug|Any CPU.Build.0 = Debug|Any CPU
		{E61587F1-A678-45C8-B6D2-7951D5B26905}.Release|Any CPU.ActiveCfg = Release|Any CPU
		{E61587F1-A678-45C8-B6D2-7951D5B26905}.Release|Any CPU.Build.0 = Release|Any CPU
		{395AA4CF-5A67-4B18-9A2F-C1B394AE8E66}.Debug|Any CPU.ActiveCfg = Debug|Any CPU
		{395AA4CF-5A67-4B18-9A2F-C1B394AE8E66}.Debug|Any CPU.Build.0 = Debug|Any CPU
		{395AA4CF-5A67-4B18-9A2F-C1B394AE8E66}.Release|Any CPU.ActiveCfg = Release|Any CPU
		{395AA4CF-5A67-4B18-9A2F-C1B394AE8E66}.Release|Any CPU.Build.0 = Release|Any CPU
		{9E1BDB41-4B99-4807-8BA4-FC605B891E58}.Debug|Any CPU.ActiveCfg = Debug|Any CPU
		{9E1BDB41-4B99-4807-8BA4-FC605B891E58}.Debug|Any CPU.Build.0 = Debug|Any CPU
		{9E1BDB41-4B99-4807-8BA4-FC605B891E58}.Release|Any CPU.ActiveCfg = Release|Any CPU
		{9E1BDB41-4B99-4807-8BA4-FC605B891E58}.Release|Any CPU.Build.0 = Release|Any CPU
		{883D549D-6582-41D4-92C4-01B9D246BF38}.Debug|Any CPU.ActiveCfg = Debug|Any CPU
		{883D549D-6582-41D4-92C4-01B9D246BF38}.Debug|Any CPU.Build.0 = Debug|Any CPU
		{883D549D-6582-41D4-92C4-01B9D246BF38}.Release|Any CPU.ActiveCfg = Release|Any CPU
		{883D549D-6582-41D4-92C4-01B9D246BF38}.Release|Any CPU.Build.0 = Release|Any CPU
	EndGlobalSection
	GlobalSection(SolutionProperties) = preSolution
		HideSolutionNode = FALSE
	EndGlobalSection
	GlobalSection(NestedProjects) = preSolution
		{322334A4-4D66-4150-AFD0-3A578F5EFBE2} = {620FE569-6B1A-41E6-8DB1-FEBC9E33E3AF}
		{49BD3A6E-6E8A-4B15-9B9B-8E635F349816} = {620FE569-6B1A-41E6-8DB1-FEBC9E33E3AF}
		{D0D8DF6D-979C-49C8-9109-344F37EC1708} = {620FE569-6B1A-41E6-8DB1-FEBC9E33E3AF}
		{AB1ADD1F-142E-49EC-A22A-C88DD40F42F3} = {620FE569-6B1A-41E6-8DB1-FEBC9E33E3AF}
		{83048389-266D-4024-8BC8-66B1CFEB9C69} = {D3157A64-22C7-45D8-A02E-B22ED4282932}
		{574F42D6-6B0D-40CA-8DAA-D0C1B59A284B} = {D3157A64-22C7-45D8-A02E-B22ED4282932}
		{F6297C5D-2158-4E8D-9355-1D1A9F464013} = {D3157A64-22C7-45D8-A02E-B22ED4282932}
		{59E19DFD-71FD-46D2-90D8-609D50F60935} = {F5BC85B9-E2B6-459C-BDE9-2BEC9EC7CC13}
		{D434C594-7B34-4351-B801-85B612F233EB} = {F5BC85B9-E2B6-459C-BDE9-2BEC9EC7CC13}
		{66EC4BEF-E330-48A9-A924-BF53A9BA3290} = {F5BC85B9-E2B6-459C-BDE9-2BEC9EC7CC13}
		{C84E113E-45D7-4F65-A89D-9B1AD7208E6C} = {F5BC85B9-E2B6-459C-BDE9-2BEC9EC7CC13}
		{3CF364E1-0688-469C-B4A1-59BD4A641B62} = {D3157A64-22C7-45D8-A02E-B22ED4282932}
		{0EA78E49-C85B-428F-8A2B-D1DB09DD68C8} = {D3157A64-22C7-45D8-A02E-B22ED4282932}
		{5E8A3BD4-17D2-4565-8832-DA9728885E7A} = {D3157A64-22C7-45D8-A02E-B22ED4282932}
		{71DAF449-18DB-4485-835D-4D784C048590} = {ADEA11C5-AE59-463B-8ACC-21BE9BAC85BB}
		{8E15DCC8-B6A8-4C16-BFAD-520E0DCC1E9E} = {ADEA11C5-AE59-463B-8ACC-21BE9BAC85BB}
		{54BB2132-446F-4705-B48F-8F533B3280D2} = {791CE696-05BF-4ABE-B4B1-99817E2A41C0}
		{5CA36C1A-2E96-4834-8182-935A8FF570E1} = {791CE696-05BF-4ABE-B4B1-99817E2A41C0}
		{BC25127E-4576-4826-92A5-9A4B4B6FAF2F} = {791CE696-05BF-4ABE-B4B1-99817E2A41C0}
		{9620EEB0-5170-4B7F-94D2-66882A610B10} = {B57299D8-10B2-4422-8E44-D694AB01E3FD}
		{5F889720-5765-4299-A169-AE5AEEB95501} = {B57299D8-10B2-4422-8E44-D694AB01E3FD}
		{C56CADA0-8A2D-4AFF-AEC2-B34EBC0D8E62} = {B57299D8-10B2-4422-8E44-D694AB01E3FD}
		{CC58404A-376D-4CC5-8679-7E90E7576EF5} = {B57299D8-10B2-4422-8E44-D694AB01E3FD}
		{C84E6170-5B02-416C-87A1-F3FF8ACA123E} = {B57299D8-10B2-4422-8E44-D694AB01E3FD}
		{C6CA08D2-881C-4B19-9A52-A42EF8F04DC9} = {B57299D8-10B2-4422-8E44-D694AB01E3FD}
		{277D8A30-2608-4204-ACAE-9DBDADB37561} = {B57299D8-10B2-4422-8E44-D694AB01E3FD}
		{72DB2C11-E23C-484C-B062-F8025EF200A4} = {2D994367-A93E-4900-B41B-F5543F399973}
		{82D3CD49-3420-4F55-A71F-7F30E83B0247} = {2D994367-A93E-4900-B41B-F5543F399973}
		{7662DA6E-D8AB-4C01-80F0-15A1A08DD443} = {2D994367-A93E-4900-B41B-F5543F399973}
		{0E86C2F4-2419-4F03-AED2-92D80479EE03} = {2D994367-A93E-4900-B41B-F5543F399973}
		{5B6BCE9C-332E-4005-8158-629A27E71DF7} = {2D994367-A93E-4900-B41B-F5543F399973}
		{D6851085-D8CC-44CB-B2C2-EA925CF0AB86} = {2D994367-A93E-4900-B41B-F5543F399973}
		{F786B477-38FC-478D-999B-E70BC05BE07B} = {BE6BDDE7-E299-4EE4-8386-07C485345B4C}
		{93835A19-7AB3-4CF0-A93C-F866107CDE1C} = {BE6BDDE7-E299-4EE4-8386-07C485345B4C}
		{26A69BEE-1DFD-41BB-A5B2-6EBA1FF0150F} = {BE6BDDE7-E299-4EE4-8386-07C485345B4C}
		{0DF7CE4F-F031-4893-813B-2AAC74D7B238} = {BE6BDDE7-E299-4EE4-8386-07C485345B4C}
		{C5F218B1-C47B-476D-B306-E0608F65D805} = {BE6BDDE7-E299-4EE4-8386-07C485345B4C}
		{B8C6A78E-7F20-4FC1-B6C9-5635F91106F2} = {BE6BDDE7-E299-4EE4-8386-07C485345B4C}
		{00D08B21-4F6E-43AC-9F56-F71295B35091} = {BE6BDDE7-E299-4EE4-8386-07C485345B4C}
		{E8EBC2E9-6D2B-43D2-929A-3954CF12EDC3} = {BE6BDDE7-E299-4EE4-8386-07C485345B4C}
		{6D93568C-1D0B-43C6-BF71-1804A4492F99} = {BE6BDDE7-E299-4EE4-8386-07C485345B4C}
		{D0CA99E6-27D6-4992-AABD-FC5DAFD13C23} = {BE6BDDE7-E299-4EE4-8386-07C485345B4C}
		{6656E9D9-DD40-44E8-9DF1-F6516EFAAF19} = {D3157A64-22C7-45D8-A02E-B22ED4282932}
		{2D48F414-14FC-44DD-9B70-F3C19AF39903} = {D3157A64-22C7-45D8-A02E-B22ED4282932}
		{030C5EB9-1924-4D66-9C27-9C3A71BCF504} = {D3157A64-22C7-45D8-A02E-B22ED4282932}
		{6FA3167A-4E3F-47A9-9BD8-BABB0A48A910} = {D3157A64-22C7-45D8-A02E-B22ED4282932}
		{43B98061-28E7-4879-B2DC-8E82CF54538A} = {2D994367-A93E-4900-B41B-F5543F399973}
		{5A926F43-F3CC-4EAA-9689-14E9B7EC480C} = {C4A5AFEF-46B9-47FC-A224-51C9E55741E2}
		{196D012D-3A6C-4916-94AD-B08857655440} = {791CE696-05BF-4ABE-B4B1-99817E2A41C0}
		{E61587F1-A678-45C8-B6D2-7951D5B26905} = {791CE696-05BF-4ABE-B4B1-99817E2A41C0}
		{395AA4CF-5A67-4B18-9A2F-C1B394AE8E66} = {C4A5AFEF-46B9-47FC-A224-51C9E55741E2}
		{9E1BDB41-4B99-4807-8BA4-FC605B891E58} = {C4A5AFEF-46B9-47FC-A224-51C9E55741E2}
		{883D549D-6582-41D4-92C4-01B9D246BF38} = {C4A5AFEF-46B9-47FC-A224-51C9E55741E2}
	EndGlobalSection
	GlobalSection(ExtensibilityGlobals) = postSolution
		SolutionGuid = {DBB31FDE-7E23-41D8-BE07-7C6B53FF6E28}
	EndGlobalSection
EndGlobal
